
Microsoft Visual Studio Solution File, Format Version 12.00
# Visual Studio Version 17
VisualStudioVersion = 17.9.34616.47
MinimumVisualStudioVersion = 10.0.40219.1
Project("{FAE04EC0-301F-11D3-BF4B-00C04F79EFBC}") = "MyMusicPlayer", "MyMusicPlayer\MyMusicPlayer.csproj", "{C8EF8175-C432-479E-8D5C-3C0EA0D1E648}"
EndProject
Global
	GlobalSection(SolutionConfigurationPlatforms) = preSolution
		Debug|Any CPU = Debug|Any CPU
		Release|Any CPU = Release|Any CPU
	EndGlobalSection
	GlobalSection(ProjectConfigurationPlatforms) = postSolution
		{C8EF8175-C432-479E-8D5C-3C0EA0D1E648}.Debug|Any CPU.ActiveCfg = Debug|Any CPU
		{C8EF8175-C432-479E-8D5C-3C0EA0D1E648}.Debug|Any CPU.Build.0 = Debug|Any CPU
		{C8EF8175-C432-479E-8D5C-3C0EA0D1E648}.Release|Any CPU.ActiveCfg = Release|Any CPU
		{C8EF8175-C432-479E-8D5C-3C0EA0D1E648}.Release|Any CPU.Build.0 = Release|Any CPU
	EndGlobalSection
	GlobalSection(SolutionProperties) = preSolution
		HideSolutionNode = FALSE
	EndGlobalSection
	GlobalSection(ExtensibilityGlobals) = postSolution
		SolutionGuid = {1A1A2AA6-3E47-44D2-ABA2-B670A29A6426}
	EndGlobalSection
EndGlobal
